
Microsoft Visual Studio Solution File, Format Version 12.00
# Visual Studio Version 17
VisualStudioVersion = 17.5.33502.453
MinimumVisualStudioVersion = 10.0.40219.1
Project("{8BC9CEB8-8B4A-11D0-8D11-00A0C91BC942}") = "ParadigmaOOP", "ParadigmaOOP\ParadigmaOOP.vcxproj", "{93BB138A-6E56-4342-B442-8CBE494F1023}"
EndProject
Project("{8BC9CEB8-8B4A-11D0-8D11-00A0C91BC942}") = "asosiasi", "asosiasi\asosiasi.vcxproj", "{3F44ACCD-157B-4611-AB80-78D6221A22D6}"
EndProject
Project("{8BC9CEB8-8B4A-11D0-8D11-00A0C91BC942}") = "mainAI", "mainAI\mainAI.vcxproj", "{29B9FF4D-5F98-459A-8055-E1C65028CE96}"
EndProject
Project("{8BC9CEB8-8B4A-11D0-8D11-00A0C91BC942}") = "mainJM", "mainJM\mainJM.vcxproj", "{B001ABEC-F697-4926-A024-7C094C0A5D90}"
EndProject
Global
	GlobalSection(SolutionConfigurationPlatforms) = preSolution
		Debug|x64 = Debug|x64
		Debug|x86 = Debug|x86
		Release|x64 = Release|x64
		Release|x86 = Release|x86
	EndGlobalSection
	GlobalSection(ProjectConfigurationPlatforms) = postSolution
		{93BB138A-6E56-4342-B442-8CBE494F1023}.Debug|x64.ActiveCfg = Debug|x64
		{93BB138A-6E56-4342-B442-8CBE494F1023}.Debug|x64.Build.0 = Debug|x64
		{93BB138A-6E56-4342-B442-8CBE494F1023}.Debug|x86.ActiveCfg = Debug|Win32
		{93BB138A-6E56-4342-B442-8CBE494F1023}.Debug|x86.Build.0 = Debug|Win32
		{93BB138A-6E56-4342-B442-8CBE494F1023}.Release|x64.ActiveCfg = Release|x64
		{93BB138A-6E56-4342-B442-8CBE494F1023}.Release|x64.Build.0 = Release|x64
		{93BB138A-6E56-4342-B442-8CBE494F1023}.Release|x86.ActiveCfg = Release|Win32
		{93BB138A-6E56-4342-B442-8CBE494F1023}.Release|x86.Build.0 = Release|Win32
		{3F44ACCD-157B-4611-AB80-78D6221A22D6}.Debug|x64.ActiveCfg = Debug|x64
		{3F44ACCD-157B-4611-AB80-78D6221A22D6}.Debug|x64.Build.0 = Debug|x64
		{3F44ACCD-157B-4611-AB80-78D6221A22D6}.Debug|x86.ActiveCfg = Debug|Win32
		{3F44ACCD-157B-4611-AB80-78D6221A22D6}.Debug|x86.Build.0 = Debug|Win32
		{3F44ACCD-157B-4611-AB80-78D6221A22D6}.Release|x64.ActiveCfg = Release|x64
		{3F44ACCD-157B-4611-AB80-78D6221A22D6}.Release|x64.Build.0 = Release|x64
		{3F44ACCD-157B-4611-AB80-78D6221A22D6}.Release|x86.ActiveCfg = Release|Win32
		{3F44ACCD-157B-4611-AB80-78D6221A22D6}.Release|x86.Build.0 = Release|Win32
		{29B9FF4D-5F98-459A-8055-E1C65028CE96}.Debug|x64.ActiveCfg = Debug|x64
		{29B9FF4D-5F98-459A-8055-E1C65028CE96}.Debug|x64.Build.0 = Debug|x64
		{29B9FF4D-5F98-459A-8055-E1C65028CE96}.Debug|x86.ActiveCfg = Debug|Win32
		{29B9FF4D-5F98-459A-8055-E1C65028CE96}.Debug|x86.Build.0 = Debug|Win32
		{29B9FF4D-5F98-459A-8055-E1C65028CE96}.Release|x64.ActiveCfg = Release|x64
		{29B9FF4D-5F98-459A-8055-E1C65028CE96}.Release|x64.Build.0 = Release|x64
		{29B9FF4D-5F98-459A-8055-E1C65028CE96}.Release|x86.ActiveCfg = Release|Win32
		{29B9FF4D-5F98-459A-8055-E1C65028CE96}.Release|x86.Build.0 = Release|Win32
		{B001ABEC-F697-4926-A024-7C094C0A5D90}.Debug|x64.ActiveCfg = Debug|x64
		{B001ABEC-F697-4926-A024-7C094C0A5D90}.Debug|x64.Build.0 = Debug|x64
		{B001ABEC-F697-4926-A024-7C094C0A5D90}.Debug|x86.ActiveCfg = Debug|Win32
		{B001ABEC-F697-4926-A024-7C094C0A5D90}.Debug|x86.Build.0 = Debug|Win32
		{B001ABEC-F697-4926-A024-7C094C0A5D90}.Release|x64.ActiveCfg = Release|x64
		{B001ABEC-F697-4926-A024-7C094C0A5D90}.Release|x64.Build.0 = Release|x64
		{B001ABEC-F697-4926-A024-7C094C0A5D90}.Release|x86.ActiveCfg = Release|Win32
		{B001ABEC-F697-4926-A024-7C094C0A5D90}.Release|x86.Build.0 = Release|Win32
	EndGlobalSection
	GlobalSection(SolutionProperties) = preSolution
		HideSolutionNode = FALSE
	EndGlobalSection
	GlobalSection(ExtensibilityGlobals) = postSolution
		SolutionGuid = {2E2F7807-5037-4CDF-9DF3-E5B458C7B140}
	EndGlobalSection
EndGlobal
